{
    "version": 3,
    "terraform_version": "0.7.4",
    "serial": 26,
    "lineage": "547ef0a6-8c16-41c5-984b-056cdbd2b9b1",
    "modules": [
        {
            "path": [
                "root"
            ],
            "outputs": {
                "address": {
                    "sensitive": false,
                    "type": "string",
                    "value": "terraform-example-elb-1230753743.eu-west-1.elb.amazonaws.com"
                }
            },
            "resources": {
                "aws_db_instance.default": {
                    "type": "aws_db_instance",
                    "depends_on": [
                        "aws_db_subnet_group.default",
                        "aws_security_group.default",
                        "aws_security_group.default"
                    ],
                    "primary": {
                        "id": "mydb-rds",
                        "attributes": {
                            "address": "mydb-rds.cihvvdjmmmwx.eu-west-1.rds.amazonaws.com",
                            "allocated_storage": "10",
                            "arn": "arn:aws:rds:eu-west-1:210669993291:db:mydb-rds",
                            "auto_minor_version_upgrade": "true",
                            "availability_zone": "eu-west-1b",
                            "backup_retention_period": "0",
                            "backup_window": "01:23-01:53",
                            "copy_tags_to_snapshot": "false",
                            "db_subnet_group_name": "main_db_subnet_group",
                            "endpoint": "mydb-rds.cihvvdjmmmwx.eu-west-1.rds.amazonaws.com:5432",
                            "engine": "postgres",
                            "engine_version": "9.4.1",
                            "id": "mydb-rds",
                            "identifier": "mydb-rds",
                            "instance_class": "db.t2.micro",
                            "iops": "0",
                            "kms_key_id": "",
                            "license_model": "postgresql-license",
                            "maintenance_window": "wed:23:46-thu:00:16",
                            "monitoring_interval": "0",
                            "multi_az": "false",
                            "name": "mydb",
                            "option_group_name": "default:postgres-9-4",
                            "parameter_group_name": "default.postgres9.4",
                            "password": "secret123",
                            "port": "5432",
                            "publicly_accessible": "false",
                            "replicas.#": "0",
                            "replicate_source_db": "",
                            "security_group_names.#": "0",
                            "skip_final_snapshot": "true",
                            "status": "available",
                            "storage_encrypted": "false",
                            "storage_type": "standard",
                            "tags.%": "0",
                            "username": "terraform",
                            "vpc_security_group_ids.#": "1",
                            "vpc_security_group_ids.3258655219": "sg-f4078692"
                        },
                        "meta": {},
                        "tainted": false
                    },
                    "deposed": [],
                    "provider": ""
                },
                "aws_db_subnet_group.default": {
                    "type": "aws_db_subnet_group",
                    "depends_on": [
                        "aws_subnet.public_1a",
                        "aws_subnet.public_1b"
                    ],
                    "primary": {
                        "id": "main_db_subnet_group",
                        "attributes": {
                            "arn": "arn:aws:rds:eu-west-1:210669993291:subgrp:main_db_subnet_group",
                            "description": "Our main group of subnets",
                            "id": "main_db_subnet_group",
                            "name": "main_db_subnet_group",
                            "subnet_ids.#": "2",
                            "subnet_ids.3230199472": "subnet-1ffda869",
                            "subnet_ids.949865066": "subnet-003fa058",
                            "tags.%": "0"
                        },
                        "meta": {},
                        "tainted": false
                    },
                    "deposed": [],
                    "provider": ""
                },
                "aws_elb.web": {
                    "type": "aws_elb",
                    "depends_on": [
                        "aws_instance.web",
                        "aws_security_group.elb",
                        "aws_subnet.public_1a"
                    ],
                    "primary": {
                        "id": "terraform-example-elb",
                        "attributes": {
                            "access_logs.#": "0",
                            "availability_zones.#": "1",
                            "availability_zones.3953592328": "eu-west-1a",
                            "connection_draining": "false",
                            "connection_draining_timeout": "300",
                            "cross_zone_load_balancing": "true",
                            "dns_name": "terraform-example-elb-1230753743.eu-west-1.elb.amazonaws.com",
                            "health_check.#": "1",
                            "health_check.0.healthy_threshold": "10",
                            "health_check.0.interval": "30",
                            "health_check.0.target": "TCP:80",
                            "health_check.0.timeout": "5",
                            "health_check.0.unhealthy_threshold": "2",
                            "id": "terraform-example-elb",
                            "idle_timeout": "60",
                            "instances.#": "1",
                            "instances.230565236": "i-03f5bbb63da6393a8",
                            "internal": "false",
                            "listener.#": "1",
                            "listener.3057123346.instance_port": "80",
                            "listener.3057123346.instance_protocol": "http",
                            "listener.3057123346.lb_port": "80",
                            "listener.3057123346.lb_protocol": "http",
                            "listener.3057123346.ssl_certificate_id": "",
                            "name": "terraform-example-elb",
                            "security_groups.#": "1",
                            "security_groups.1792699092": "sg-f7078691",
                            "source_security_group": "210669993291/terraform_example_elb",
                            "source_security_group_id": "sg-f7078691",
                            "subnets.#": "1",
                            "subnets.3230199472": "subnet-1ffda869",
                            "tags.%": "0",
                            "zone_id": "Z32O12XQLNTSW2"
                        },
                        "meta": {},
                        "tainted": false
                    },
                    "deposed": [],
                    "provider": ""
                },
                "aws_instance.web": {
                    "type": "aws_instance",
                    "depends_on": [
                        "aws_key_pair.auth",
                        "aws_security_group.default",
                        "aws_subnet.public_1a"
                    ],
                    "primary": {
                        "id": "i-03f5bbb63da6393a8",
                        "attributes": {
                            "ami": "ami-b1cf19c6",
                            "availability_zone": "eu-west-1a",
                            "disable_api_termination": "false",
                            "ebs_block_device.#": "0",
                            "ebs_optimized": "false",
                            "ephemeral_block_device.#": "0",
                            "iam_instance_profile": "",
                            "id": "i-03f5bbb63da6393a8",
                            "instance_state": "running",
                            "instance_type": "t1.micro",
                            "key_name": "terraform",
                            "monitoring": "false",
                            "network_interface_id": "eni-430aec0d",
                            "private_dns": "ip-10-0-1-138.eu-west-1.compute.internal",
                            "private_ip": "10.0.1.138",
                            "public_dns": "",
                            "public_ip": "52.51.48.35",
                            "root_block_device.#": "1",
                            "root_block_device.0.delete_on_termination": "true",
                            "root_block_device.0.iops": "0",
                            "root_block_device.0.volume_size": "8",
                            "root_block_device.0.volume_type": "standard",
                            "security_groups.#": "0",
                            "source_dest_check": "true",
                            "subnet_id": "subnet-1ffda869",
                            "tags.%": "0",
                            "tenancy": "default",
                            "vpc_security_group_ids.#": "1",
                            "vpc_security_group_ids.3258655219": "sg-f4078692"
                        },
                        "meta": {
                            "schema_version": "1"
                        },
                        "tainted": false
                    },
                    "deposed": [],
                    "provider": ""
                },
                "aws_internet_gateway.default": {
                    "type": "aws_internet_gateway",
                    "depends_on": [
                        "aws_vpc.default"
                    ],
                    "primary": {
                        "id": "igw-eff7328b",
                        "attributes": {
                            "id": "igw-eff7328b",
                            "tags.%": "0",
                            "vpc_id": "vpc-9e6d29fa"
                        },
                        "meta": {},
                        "tainted": false
                    },
                    "deposed": [],
                    "provider": ""
                },
                "aws_key_pair.auth": {
                    "type": "aws_key_pair",
                    "depends_on": [],
                    "primary": {
                        "id": "terraform",
                        "attributes": {
                            "fingerprint": "f6:ed:89:50:84:3e:ba:ff:00:6f:12:90:6f:9c:61:e7",
                            "id": "terraform",
                            "key_name": "terraform",
                            "public_key": "ssh-rsa AAAAB3NzaC1yc2EAAAADAQABAAABAQC85/iKEHSPemgwn1SROA83R5VD874KIfDiTxwDzH+zFIepon4Qn1RJu1wM5f8K0WN1kHCVA4ezroy5s4MkXAjsP3gUFs5rrLGYufUAv/OJhwpJs0tIGGVusC0vWjYG6FbO/6yVvk3kf9g1dLZGBg8SUyeL2xi8pxTZlP1sVUMqNxqw1Bwh3GxN10hWNOEnH86l5MGk8LwREcwBgB9B1xXMjH14UpoZNOi+gJp1vL4/iag6KZIXLZKZZM6VefMVhgeYjZz0OxiwafmzWqwsGNsqnvDIRyoMwaxW5xwuM67FWvJQn12FJzCCR9YlXJCcDhPv8UTLRODfCV7ytvH/b43x 20061938@mail.wit.ie"
                        },
                        "meta": {
                            "schema_version": "1"
                        },
                        "tainted": false
                    },
                    "deposed": [],
                    "provider": ""
                },
                "aws_route.internet_access": {
                    "type": "aws_route",
                    "depends_on": [
                        "aws_internet_gateway.default",
                        "aws_vpc.default"
                    ],
                    "primary": {
                        "id": "r-rtb-f96a609d1080289494",
                        "attributes": {
                            "destination_cidr_block": "0.0.0.0/0",
                            "destination_prefix_list_id": "",
                            "gateway_id": "igw-eff7328b",
                            "id": "r-rtb-f96a609d1080289494",
                            "instance_id": "",
                            "instance_owner_id": "",
                            "nat_gateway_id": "",
                            "network_interface_id": "",
                            "origin": "CreateRoute",
                            "route_table_id": "rtb-f96a609d",
                            "state": "active",
                            "vpc_peering_connection_id": ""
                        },
                        "meta": {},
                        "tainted": false
                    },
                    "deposed": [],
                    "provider": ""
                },
                "aws_security_group.default": {
                    "type": "aws_security_group",
                    "depends_on": [
                        "aws_vpc.default"
                    ],
                    "primary": {
                        "id": "sg-f4078692",
                        "attributes": {
                            "description": "Used in the terraform",
                            "egress.#": "1",
                            "egress.482069346.cidr_blocks.#": "1",
                            "egress.482069346.cidr_blocks.0": "0.0.0.0/0",
                            "egress.482069346.from_port": "0",
                            "egress.482069346.prefix_list_ids.#": "0",
                            "egress.482069346.protocol": "-1",
                            "egress.482069346.security_groups.#": "0",
                            "egress.482069346.self": "false",
                            "egress.482069346.to_port": "0",
                            "id": "sg-f4078692",
                            "ingress.#": "2",
                            "ingress.2165049311.cidr_blocks.#": "1",
                            "ingress.2165049311.cidr_blocks.0": "10.0.0.0/16",
                            "ingress.2165049311.from_port": "80",
                            "ingress.2165049311.protocol": "tcp",
                            "ingress.2165049311.security_groups.#": "0",
                            "ingress.2165049311.self": "false",
                            "ingress.2165049311.to_port": "80",
                            "ingress.2541437006.cidr_blocks.#": "1",
                            "ingress.2541437006.cidr_blocks.0": "0.0.0.0/0",
                            "ingress.2541437006.from_port": "22",
                            "ingress.2541437006.protocol": "tcp",
                            "ingress.2541437006.security_groups.#": "0",
                            "ingress.2541437006.self": "false",
                            "ingress.2541437006.to_port": "22",
                            "name": "terraform_example",
                            "owner_id": "210669993291",
                            "tags.%": "0",
                            "vpc_id": "vpc-9e6d29fa"
                        },
                        "meta": {},
                        "tainted": false
                    },
                    "deposed": [],
                    "provider": ""
                },
                "aws_security_group.elb": {
                    "type": "aws_security_group",
                    "depends_on": [
                        "aws_vpc.default"
                    ],
                    "primary": {
                        "id": "sg-f7078691",
                        "attributes": {
                            "description": "Used in the terraform",
                            "egress.#": "1",
                            "egress.482069346.cidr_blocks.#": "1",
                            "egress.482069346.cidr_blocks.0": "0.0.0.0/0",
                            "egress.482069346.from_port": "0",
                            "egress.482069346.prefix_list_ids.#": "0",
                            "egress.482069346.protocol": "-1",
                            "egress.482069346.security_groups.#": "0",
                            "egress.482069346.self": "false",
                            "egress.482069346.to_port": "0",
                            "id": "sg-f7078691",
                            "ingress.#": "1",
                            "ingress.2214680975.cidr_blocks.#": "1",
                            "ingress.2214680975.cidr_blocks.0": "0.0.0.0/0",
                            "ingress.2214680975.from_port": "80",
                            "ingress.2214680975.protocol": "tcp",
                            "ingress.2214680975.security_groups.#": "0",
                            "ingress.2214680975.self": "false",
                            "ingress.2214680975.to_port": "80",
                            "name": "terraform_example_elb",
                            "owner_id": "210669993291",
                            "tags.%": "0",
                            "vpc_id": "vpc-9e6d29fa"
                        },
                        "meta": {},
                        "tainted": false
                    },
                    "deposed": [],
                    "provider": ""
                },
                "aws_subnet.public_1a": {
                    "type": "aws_subnet",
                    "depends_on": [
                        "aws_vpc.default"
                    ],
                    "primary": {
                        "id": "subnet-1ffda869",
                        "attributes": {
                            "availability_zone": "eu-west-1a",
                            "cidr_block": "10.0.1.0/24",
                            "id": "subnet-1ffda869",
                            "map_public_ip_on_launch": "true",
                            "tags.%": "1",
                            "tags.Name": "Public 1A",
                            "vpc_id": "vpc-9e6d29fa"
                        },
                        "meta": {},
                        "tainted": false
                    },
                    "deposed": [],
                    "provider": ""
                },
                "aws_subnet.public_1b": {
                    "type": "aws_subnet",
                    "depends_on": [
                        "aws_vpc.default"
                    ],
                    "primary": {
                        "id": "subnet-003fa058",
                        "attributes": {
                            "availability_zone": "eu-west-1b",
                            "cidr_block": "10.0.2.0/24",
                            "id": "subnet-003fa058",
                            "map_public_ip_on_launch": "true",
                            "tags.%": "1",
                            "tags.Name": "Public 1B",
                            "vpc_id": "vpc-9e6d29fa"
                        },
                        "meta": {},
                        "tainted": false
                    },
                    "deposed": [],
                    "provider": ""
                },
                "aws_vpc.default": {
                    "type": "aws_vpc",
                    "depends_on": [],
                    "primary": {
                        "id": "vpc-9e6d29fa",
                        "attributes": {
                            "cidr_block": "10.0.0.0/16",
                            "default_network_acl_id": "acl-c0e4dba4",
                            "default_route_table_id": "rtb-f96a609d",
                            "default_security_group_id": "sg-e907868f",
                            "dhcp_options_id": "dopt-3139d055",
                            "enable_classiclink": "false",
                            "enable_dns_hostnames": "false",
                            "enable_dns_support": "true",
                            "id": "vpc-9e6d29fa",
                            "instance_tenancy": "default",
                            "main_route_table_id": "rtb-f96a609d",
                            "tags.%": "0"
                        },
                        "meta": {},
                        "tainted": false
                    },
                    "deposed": [],
                    "provider": ""
                }
            },
            "depends_on": []
        }
    ]
}
